// !$*UTF8*$!
{
	archiveVersion = 1;
	classes = {
	};
	objectVersion = 56;
	objects = {

/* Begin PBXBuildFile section */
		B70E5A272C34A58200A9A536 /* AppDelegate.swift in Sources */ = {isa = PBXBuildFile; fileRef = B70E5A262C34A58200A9A536 /* AppDelegate.swift */; };
		B70E5A292C34A58200A9A536 /* SceneDelegate.swift in Sources */ = {isa = PBXBuildFile; fileRef = B70E5A282C34A58200A9A536 /* SceneDelegate.swift */; };
		B70E5A2B2C34A58200A9A536 /* MainViewController.swift in Sources */ = {isa = PBXBuildFile; fileRef = B70E5A2A2C34A58200A9A536 /* MainViewController.swift */; };
		B70E5A2E2C34A58200A9A536 /* Base in Resources */ = {isa = PBXBuildFile; fileRef = B70E5A2D2C34A58200A9A536 /* Base */; };
		B70E5A302C34A58300A9A536 /* Assets.xcassets in Resources */ = {isa = PBXBuildFile; fileRef = B70E5A2F2C34A58300A9A536 /* Assets.xcassets */; };
		B70E5A332C34A58300A9A536 /* Base in Resources */ = {isa = PBXBuildFile; fileRef = B70E5A322C34A58300A9A536 /* Base */; };
		B70E5A402C34B03C00A9A536 /* TabBarController.swift in Sources */ = {isa = PBXBuildFile; fileRef = B70E5A3F2C34B03C00A9A536 /* TabBarController.swift */; };
		B70E5A422C34B27300A9A536 /* MapViewController.swift in Sources */ = {isa = PBXBuildFile; fileRef = B70E5A412C34B27300A9A536 /* MapViewController.swift */; };
		B70E5A442C34B28000A9A536 /* ListViewController.swift in Sources */ = {isa = PBXBuildFile; fileRef = B70E5A432C34B28000A9A536 /* ListViewController.swift */; };
		B70E5A482C34BDD300A9A536 /* ResponseAirportSearch.swift in Sources */ = {isa = PBXBuildFile; fileRef = B70E5A472C34BDD300A9A536 /* ResponseAirportSearch.swift */; };
		B70E5A4A2C34C15E00A9A536 /* ViewModel.swift in Sources */ = {isa = PBXBuildFile; fileRef = B70E5A492C34C15E00A9A536 /* ViewModel.swift */; };
		B70E5A4E2C34DC6400A9A536 /* ItemAirportsTableViewCell.swift in Sources */ = {isa = PBXBuildFile; fileRef = B70E5A4C2C34DC6400A9A536 /* ItemAirportsTableViewCell.swift */; };
		B70E5A4F2C34DC6400A9A536 /* ItemAirportsTableViewCell.xib in Resources */ = {isa = PBXBuildFile; fileRef = B70E5A4D2C34DC6400A9A536 /* ItemAirportsTableViewCell.xib */; };
/* End PBXBuildFile section */

/* Begin PBXFileReference section */
		B70E5A232C34A58200A9A536 /* ExamMapAirports.app */ = {isa = PBXFileReference; explicitFileType = wrapper.application; includeInIndex = 0; path = ExamMapAirports.app; sourceTree = BUILT_PRODUCTS_DIR; };
		B70E5A262C34A58200A9A536 /* AppDelegate.swift */ = {isa = PBXFileReference; lastKnownFileType = sourcecode.swift; path = AppDelegate.swift; sourceTree = "<group>"; };
		B70E5A282C34A58200A9A536 /* SceneDelegate.swift */ = {isa = PBXFileReference; lastKnownFileType = sourcecode.swift; path = SceneDelegate.swift; sourceTree = "<group>"; };
		B70E5A2A2C34A58200A9A536 /* MainViewController.swift */ = {isa = PBXFileReference; lastKnownFileType = sourcecode.swift; path = MainViewController.swift; sourceTree = "<group>"; };
		B70E5A2D2C34A58200A9A536 /* Base */ = {isa = PBXFileReference; lastKnownFileType = file.storyboard; name = Base; path = Base.lproj/Main.storyboard; sourceTree = "<group>"; };
		B70E5A2F2C34A58300A9A536 /* Assets.xcassets */ = {isa = PBXFileReference; lastKnownFileType = folder.assetcatalog; path = Assets.xcassets; sourceTree = "<group>"; };
		B70E5A322C34A58300A9A536 /* Base */ = {isa = PBXFileReference; lastKnownFileType = file.storyboard; name = Base; path = Base.lproj/LaunchScreen.storyboard; sourceTree = "<group>"; };
		B70E5A342C34A58300A9A536 /* Info.plist */ = {isa = PBXFileReference; lastKnownFileType = text.plist.xml; path = Info.plist; sourceTree = "<group>"; };
		B70E5A3F2C34B03C00A9A536 /* TabBarController.swift */ = {isa = PBXFileReference; lastKnownFileType = sourcecode.swift; path = TabBarController.swift; sourceTree = "<group>"; };
		B70E5A412C34B27300A9A536 /* MapViewController.swift */ = {isa = PBXFileReference; lastKnownFileType = sourcecode.swift; path = MapViewController.swift; sourceTree = "<group>"; };
		B70E5A432C34B28000A9A536 /* ListViewController.swift */ = {isa = PBXFileReference; lastKnownFileType = sourcecode.swift; path = ListViewController.swift; sourceTree = "<group>"; };
		B70E5A472C34BDD300A9A536 /* ResponseAirportSearch.swift */ = {isa = PBXFileReference; lastKnownFileType = sourcecode.swift; path = ResponseAirportSearch.swift; sourceTree = "<group>"; };
		B70E5A492C34C15E00A9A536 /* ViewModel.swift */ = {isa = PBXFileReference; lastKnownFileType = sourcecode.swift; path = ViewModel.swift; sourceTree = "<group>"; };
		B70E5A4C2C34DC6400A9A536 /* ItemAirportsTableViewCell.swift */ = {isa = PBXFileReference; lastKnownFileType = sourcecode.swift; path = ItemAirportsTableViewCell.swift; sourceTree = "<group>"; };
		B70E5A4D2C34DC6400A9A536 /* ItemAirportsTableViewCell.xib */ = {isa = PBXFileReference; lastKnownFileType = file.xib; path = ItemAirportsTableViewCell.xib; sourceTree = "<group>"; };
/* End PBXFileReference section */

/* Begin PBXFrameworksBuildPhase section */
		B70E5A202C34A58200A9A536 /* Frameworks */ = {
			isa = PBXFrameworksBuildPhase;
			buildActionMask = 2147483647;
			files = (
			);
			runOnlyForDeploymentPostprocessing = 0;
		};
/* End PBXFrameworksBuildPhase section */

/* Begin PBXGroup section */
		B70E5A1A2C34A58200A9A536 = {
			isa = PBXGroup;
			children = (
				B70E5A252C34A58200A9A536 /* ExamMapAirports */,
				B70E5A242C34A58200A9A536 /* Products */,
			);
			sourceTree = "<group>";
		};
		B70E5A242C34A58200A9A536 /* Products */ = {
			isa = PBXGroup;
			children = (
				B70E5A232C34A58200A9A536 /* ExamMapAirports.app */,
			);
			name = Products;
			sourceTree = "<group>";
		};
		B70E5A252C34A58200A9A536 /* ExamMapAirports */ = {
			isa = PBXGroup;
			children = (
				B70E5A3E2C34AE0600A9A536 /* Network */,
				B70E5A3D2C34ADF100A9A536 /* Storyboards */,
				B70E5A3C2C34ADD800A9A536 /* Resources */,
				B70E5A3A2C34AD3500A9A536 /* App */,
				B70E5A342C34A58300A9A536 /* Info.plist */,
			);
			path = ExamMapAirports;
			sourceTree = "<group>";
		};
		B70E5A3A2C34AD3500A9A536 /* App */ = {
			isa = PBXGroup;
			children = (
				B70E5A4B2C34DC2600A9A536 /* Xib */,
				B70E5A3B2C34ADC100A9A536 /* Controllers */,
				B70E5A262C34A58200A9A536 /* AppDelegate.swift */,
				B70E5A282C34A58200A9A536 /* SceneDelegate.swift */,
			);
			path = App;
			sourceTree = "<group>";
		};
		B70E5A3B2C34ADC100A9A536 /* Controllers */ = {
			isa = PBXGroup;
			children = (
				B70E5A2A2C34A58200A9A536 /* MainViewController.swift */,
				B70E5A3F2C34B03C00A9A536 /* TabBarController.swift */,
				B70E5A412C34B27300A9A536 /* MapViewController.swift */,
				B70E5A432C34B28000A9A536 /* ListViewController.swift */,
			);
			path = Controllers;
			sourceTree = "<group>";
		};
		B70E5A3C2C34ADD800A9A536 /* Resources */ = {
			isa = PBXGroup;
			children = (
				B70E5A2F2C34A58300A9A536 /* Assets.xcassets */,
			);
			path = Resources;
			sourceTree = "<group>";
		};
		B70E5A3D2C34ADF100A9A536 /* Storyboards */ = {
			isa = PBXGroup;
			children = (
				B70E5A2C2C34A58200A9A536 /* Main.storyboard */,
				B70E5A312C34A58300A9A536 /* LaunchScreen.storyboard */,
			);
			path = Storyboards;
			sourceTree = "<group>";
		};
		B70E5A3E2C34AE0600A9A536 /* Network */ = {
			isa = PBXGroup;
			children = (
				B70E5A462C34B2E900A9A536 /* Response */,
				B70E5A452C34B2E100A9A536 /* Request */,
				B70E5A492C34C15E00A9A536 /* ViewModel.swift */,
			);
			path = Network;
			sourceTree = "<group>";
		};
		B70E5A452C34B2E100A9A536 /* Request */ = {
			isa = PBXGroup;
			children = (
			);
			path = Request;
			sourceTree = "<group>";
		};
		B70E5A462C34B2E900A9A536 /* Response */ = {
			isa = PBXGroup;
			children = (
				B70E5A472C34BDD300A9A536 /* ResponseAirportSearch.swift */,
			);
			path = Response;
			sourceTree = "<group>";
		};
		B70E5A4B2C34DC2600A9A536 /* Xib */ = {
			isa = PBXGroup;
			children = (
				B70E5A4C2C34DC6400A9A536 /* ItemAirportsTableViewCell.swift */,
				B70E5A4D2C34DC6400A9A536 /* ItemAirportsTableViewCell.xib */,
			);
			path = Xib;
			sourceTree = "<group>";
		};
/* End PBXGroup section */

/* Begin PBXNativeTarget section */
		B70E5A222C34A58200A9A536 /* ExamMapAirports */ = {
			isa = PBXNativeTarget;
			buildConfigurationList = B70E5A372C34A58300A9A536 /* Build configuration list for PBXNativeTarget "ExamMapAirports" */;
			buildPhases = (
				B70E5A1F2C34A58200A9A536 /* Sources */,
				B70E5A202C34A58200A9A536 /* Frameworks */,
				B70E5A212C34A58200A9A536 /* Resources */,
			);
			buildRules = (
			);
			dependencies = (
			);
			name = ExamMapAirports;
			productName = ExamMapAirports;
			productReference = B70E5A232C34A58200A9A536 /* ExamMapAirports.app */;
			productType = "com.apple.product-type.application";
		};
/* End PBXNativeTarget section */

/* Begin PBXProject section */
		B70E5A1B2C34A58200A9A536 /* Project object */ = {
			isa = PBXProject;
			attributes = {
				BuildIndependentTargetsInParallel = 1;
				LastSwiftUpdateCheck = 1540;
				LastUpgradeCheck = 1540;
				TargetAttributes = {
					B70E5A222C34A58200A9A536 = {
						CreatedOnToolsVersion = 15.4;
					};
				};
			};
			buildConfigurationList = B70E5A1E2C34A58200A9A536 /* Build configuration list for PBXProject "ExamMapAirports" */;
			compatibilityVersion = "Xcode 14.0";
			developmentRegion = en;
			hasScannedForEncodings = 0;
			knownRegions = (
				en,
				Base,
			);
			mainGroup = B70E5A1A2C34A58200A9A536;
			productRefGroup = B70E5A242C34A58200A9A536 /* Products */;
			projectDirPath = "";
			projectRoot = "";
			targets = (
				B70E5A222C34A58200A9A536 /* ExamMapAirports */,
			);
		};
/* End PBXProject section */

/* Begin PBXResourcesBuildPhase section */
		B70E5A212C34A58200A9A536 /* Resources */ = {
			isa = PBXResourcesBuildPhase;
			buildActionMask = 2147483647;
			files = (
				B70E5A4F2C34DC6400A9A536 /* ItemAirportsTableViewCell.xib in Resources */,
				B70E5A302C34A58300A9A536 /* Assets.xcassets in Resources */,
				B70E5A332C34A58300A9A536 /* Base in Resources */,
				B70E5A2E2C34A58200A9A536 /* Base in Resources */,
			);
			runOnlyForDeploymentPostprocessing = 0;
		};
/* End PBXResourcesBuildPhase section */

/* Begin PBXSourcesBuildPhase section */
		B70E5A1F2C34A58200A9A536 /* Sources */ = {
			isa = PBXSourcesBuildPhase;
			buildActionMask = 2147483647;
			files = (
				B70E5A2B2C34A58200A9A536 /* MainViewController.swift in Sources */,
				B70E5A402C34B03C00A9A536 /* TabBarController.swift in Sources */,
				B70E5A442C34B28000A9A536 /* ListViewController.swift in Sources */,
				B70E5A4E2C34DC6400A9A536 /* ItemAirportsTableViewCell.swift in Sources */,
				B70E5A272C34A58200A9A536 /* AppDelegate.swift in Sources */,
				B70E5A482C34BDD300A9A536 /* ResponseAirportSearch.swift in Sources */,
				B70E5A422C34B27300A9A536 /* MapViewController.swift in Sources */,
				B70E5A4A2C34C15E00A9A536 /* ViewModel.swift in Sources */,
				B70E5A292C34A58200A9A536 /* SceneDelegate.swift in Sources */,
			);
			runOnlyForDeploymentPostprocessing = 0;
		};
/* End PBXSourcesBuildPhase section */

/* Begin PBXVariantGroup section */
		B70E5A2C2C34A58200A9A536 /* Main.storyboard */ = {
			isa = PBXVariantGroup;
			children = (
				B70E5A2D2C34A58200A9A536 /* Base */,
			);
			name = Main.storyboard;
			sourceTree = "<group>";
		};
		B70E5A312C34A58300A9A536 /* LaunchScreen.storyboard */ = {
			isa = PBXVariantGroup;
			children = (
				B70E5A322C34A58300A9A536 /* Base */,
			);
			name = LaunchScreen.storyboard;
			sourceTree = "<group>";
		};
/* End PBXVariantGroup section */

/* Begin XCBuildConfiguration section */
		B70E5A352C34A58300A9A536 /* Debug */ = {
			isa = XCBuildConfiguration;
			buildSettings = {
				ALWAYS_SEARCH_USER_PATHS = NO;
				ASSETCATALOG_COMPILER_GENERATE_SWIFT_ASSET_SYMBOL_EXTENSIONS = YES;
				CLANG_ANALYZER_NONNULL = YES;
				CLANG_ANALYZER_NUMBER_OBJECT_CONVERSION = YES_AGGRESSIVE;
				CLANG_CXX_LANGUAGE_STANDARD = "gnu++20";
				CLANG_ENABLE_MODULES = YES;
				CLANG_ENABLE_OBJC_ARC = YES;
				CLANG_ENABLE_OBJC_WEAK = YES;
				CLANG_WARN_BLOCK_CAPTURE_AUTORELEASING = YES;
				CLANG_WARN_BOOL_CONVERSION = YES;
				CLANG_WARN_COMMA = YES;
				CLANG_WARN_CONSTANT_CONVERSION = YES;
				CLANG_WARN_DEPRECATED_OBJC_IMPLEMENTATIONS = YES;
				CLANG_WARN_DIRECT_OBJC_ISA_USAGE = YES_ERROR;
				CLANG_WARN_DOCUMENTATION_COMMENTS = YES;
				CLANG_WARN_EMPTY_BODY = YES;
				CLANG_WARN_ENUM_CONVERSION = YES;
				CLANG_WARN_INFINITE_RECURSION = YES;
				CLANG_WARN_INT_CONVERSION = YES;
				CLANG_WARN_NON_LITERAL_NULL_CONVERSION = YES;
				CLANG_WARN_OBJC_IMPLICIT_RETAIN_SELF = YES;
				CLANG_WARN_OBJC_LITERAL_CONVERSION = YES;
				CLANG_WARN_OBJC_ROOT_CLASS = YES_ERROR;
				CLANG_WARN_QUOTED_INCLUDE_IN_FRAMEWORK_HEADER = YES;
				CLANG_WARN_RANGE_LOOP_ANALYSIS = YES;
				CLANG_WARN_STRICT_PROTOTYPES = YES;
				CLANG_WARN_SUSPICIOUS_MOVE = YES;
				CLANG_WARN_UNGUARDED_AVAILABILITY = YES_AGGRESSIVE;
				CLANG_WARN_UNREACHABLE_CODE = YES;
				CLANG_WARN__DUPLICATE_METHOD_MATCH = YES;
				COPY_PHASE_STRIP = NO;
				DEBUG_INFORMATION_FORMAT = dwarf;
				ENABLE_STRICT_OBJC_MSGSEND = YES;
				ENABLE_TESTABILITY = YES;
				ENABLE_USER_SCRIPT_SANDBOXING = YES;
				GCC_C_LANGUAGE_STANDARD = gnu17;
				GCC_DYNAMIC_NO_PIC = NO;
				GCC_NO_COMMON_BLOCKS = YES;
				GCC_OPTIMIZATION_LEVEL = 0;
				GCC_PREPROCESSOR_DEFINITIONS = (
					"DEBUG=1",
					"$(inherited)",
				);
				GCC_WARN_64_TO_32_BIT_CONVERSION = YES;
				GCC_WARN_ABOUT_RETURN_TYPE = YES_ERROR;
				GCC_WARN_UNDECLARED_SELECTOR = YES;
				GCC_WARN_UNINITIALIZED_AUTOS = YES_AGGRESSIVE;
				GCC_WARN_UNUSED_FUNCTION = YES;
				GCC_WARN_UNUSED_VARIABLE = YES;
				IPHONEOS_DEPLOYMENT_TARGET = 17.5;
				LOCALIZATION_PREFERS_STRING_CATALOGS = YES;
				MTL_ENABLE_DEBUG_INFO = INCLUDE_SOURCE;
				MTL_FAST_MATH = YES;
				ONLY_ACTIVE_ARCH = YES;
				SDKROOT = iphoneos;
				SWIFT_ACTIVE_COMPILATION_CONDITIONS = "DEBUG $(inherited)";
				SWIFT_OPTIMIZATION_LEVEL = "-Onone";
			};
			name = Debug;
		};
		B70E5A362C34A58300A9A536 /* Release */ = {
			isa = XCBuildConfiguration;
			buildSettings = {
				ALWAYS_SEARCH_USER_PATHS = NO;
				ASSETCATALOG_COMPILER_GENERATE_SWIFT_ASSET_SYMBOL_EXTENSIONS = YES;
				CLANG_ANALYZER_NONNULL = YES;
				CLANG_ANALYZER_NUMBER_OBJECT_CONVERSION = YES_AGGRESSIVE;
				CLANG_CXX_LANGUAGE_STANDARD = "gnu++20";
				CLANG_ENABLE_MODULES = YES;
				CLANG_ENABLE_OBJC_ARC = YES;
				CLANG_ENABLE_OBJC_WEAK = YES;
				CLANG_WARN_BLOCK_CAPTURE_AUTORELEASING = YES;
				CLANG_WARN_BOOL_CONVERSION = YES;
				CLANG_WARN_COMMA = YES;
				CLANG_WARN_CONSTANT_CONVERSION = YES;
				CLANG_WARN_DEPRECATED_OBJC_IMPLEMENTATIONS = YES;
				CLANG_WARN_DIRECT_OBJC_ISA_USAGE = YES_ERROR;
				CLANG_WARN_DOCUMENTATION_COMMENTS = YES;
				CLANG_WARN_EMPTY_BODY = YES;
				CLANG_WARN_ENUM_CONVERSION = YES;
				CLANG_WARN_INFINITE_RECURSION = YES;
				CLANG_WARN_INT_CONVERSION = YES;
				CLANG_WARN_NON_LITERAL_NULL_CONVERSION = YES;
				CLANG_WARN_OBJC_IMPLICIT_RETAIN_SELF = YES;
				CLANG_WARN_OBJC_LITERAL_CONVERSION = YES;
				CLANG_WARN_OBJC_ROOT_CLASS = YES_ERROR;
				CLANG_WARN_QUOTED_INCLUDE_IN_FRAMEWORK_HEADER = YES;
				CLANG_WARN_RANGE_LOOP_ANALYSIS = YES;
				CLANG_WARN_STRICT_PROTOTYPES = YES;
				CLANG_WARN_SUSPICIOUS_MOVE = YES;
				CLANG_WARN_UNGUARDED_AVAILABILITY = YES_AGGRESSIVE;
				CLANG_WARN_UNREACHABLE_CODE = YES;
				CLANG_WARN__DUPLICATE_METHOD_MATCH = YES;
				COPY_PHASE_STRIP = NO;
				DEBUG_INFORMATION_FORMAT = "dwarf-with-dsym";
				ENABLE_NS_ASSERTIONS = NO;
				ENABLE_STRICT_OBJC_MSGSEND = YES;
				ENABLE_USER_SCRIPT_SANDBOXING = YES;
				GCC_C_LANGUAGE_STANDARD = gnu17;
				GCC_NO_COMMON_BLOCKS = YES;
				GCC_WARN_64_TO_32_BIT_CONVERSION = YES;
				GCC_WARN_ABOUT_RETURN_TYPE = YES_ERROR;
				GCC_WARN_UNDECLARED_SELECTOR = YES;
				GCC_WARN_UNINITIALIZED_AUTOS = YES_AGGRESSIVE;
				GCC_WARN_UNUSED_FUNCTION = YES;
				GCC_WARN_UNUSED_VARIABLE = YES;
				IPHONEOS_DEPLOYMENT_TARGET = 17.5;
				LOCALIZATION_PREFERS_STRING_CATALOGS = YES;
				MTL_ENABLE_DEBUG_INFO = NO;
				MTL_FAST_MATH = YES;
				SDKROOT = iphoneos;
				SWIFT_COMPILATION_MODE = wholemodule;
				VALIDATE_PRODUCT = YES;
			};
			name = Release;
		};
		B70E5A382C34A58300A9A536 /* Debug */ = {
			isa = XCBuildConfiguration;
			buildSettings = {
				ASSETCATALOG_COMPILER_APPICON_NAME = AppIcon;
				ASSETCATALOG_COMPILER_GLOBAL_ACCENT_COLOR_NAME = AccentColor;
				CODE_SIGN_STYLE = Automatic;
				CURRENT_PROJECT_VERSION = 1;
				DEVELOPMENT_TEAM = 82VF658Z62;
				GENERATE_INFOPLIST_FILE = YES;
				INFOPLIST_FILE = ExamMapAirports/Info.plist;
				INFOPLIST_KEY_UIApplicationSupportsIndirectInputEvents = YES;
				INFOPLIST_KEY_UILaunchStoryboardName = LaunchScreen;
				INFOPLIST_KEY_UIMainStoryboardFile = Main;
				INFOPLIST_KEY_UISupportedInterfaceOrientations_iPad = "UIInterfaceOrientationPortrait UIInterfaceOrientationPortraitUpsideDown UIInterfaceOrientationLandscapeLeft UIInterfaceOrientationLandscapeRight";
				INFOPLIST_KEY_UISupportedInterfaceOrientations_iPhone = "UIInterfaceOrientationPortrait UIInterfaceOrientationLandscapeLeft UIInterfaceOrientationLandscapeRight";
				LD_RUNPATH_SEARCH_PATHS = (
					"$(inherited)",
					"@executable_path/Frameworks",
				);
				MARKETING_VERSION = 1.0;
				PRODUCT_BUNDLE_IDENTIFIER = RGL.ExamMapAirports;
				PRODUCT_NAME = "$(TARGET_NAME)";
				SWIFT_EMIT_LOC_STRINGS = YES;
				SWIFT_VERSION = 5.0;
				TARGETED_DEVICE_FAMILY = "1,2";
			};
			name = Debug;
		};
		B70E5A392C34A58300A9A536 /* Release */ = {
			isa = XCBuildConfiguration;
			buildSettings = {
				ASSETCATALOG_COMPILER_APPICON_NAME = AppIcon;
				ASSETCATALOG_COMPILER_GLOBAL_ACCENT_COLOR_NAME = AccentColor;
				CODE_SIGN_STYLE = Automatic;
				CURRENT_PROJECT_VERSION = 1;
				DEVELOPMENT_TEAM = 82VF658Z62;
				GENERATE_INFOPLIST_FILE = YES;
				INFOPLIST_FILE = ExamMapAirports/Info.plist;
				INFOPLIST_KEY_UIApplicationSupportsIndirectInputEvents = YES;
				INFOPLIST_KEY_UILaunchStoryboardName = LaunchScreen;
				INFOPLIST_KEY_UIMainStoryboardFile = Main;
				INFOPLIST_KEY_UISupportedInterfaceOrientations_iPad = "UIInterfaceOrientationPortrait UIInterfaceOrientationPortraitUpsideDown UIInterfaceOrientationLandscapeLeft UIInterfaceOrientationLandscapeRight";
				INFOPLIST_KEY_UISupportedInterfaceOrientations_iPhone = "UIInterfaceOrientationPortrait UIInterfaceOrientationLandscapeLeft UIInterfaceOrientationLandscapeRight";
				LD_RUNPATH_SEARCH_PATHS = (
					"$(inherited)",
					"@executable_path/Frameworks",
				);
				MARKETING_VERSION = 1.0;
				PRODUCT_BUNDLE_IDENTIFIER = RGL.ExamMapAirports;
				PRODUCT_NAME = "$(TARGET_NAME)";
				SWIFT_EMIT_LOC_STRINGS = YES;
				SWIFT_VERSION = 5.0;
				TARGETED_DEVICE_FAMILY = "1,2";
			};
			name = Release;
		};
/* End XCBuildConfiguration section */

/* Begin XCConfigurationList section */
		B70E5A1E2C34A58200A9A536 /* Build configuration list for PBXProject "ExamMapAirports" */ = {
			isa = XCConfigurationList;
			buildConfigurations = (
				B70E5A352C34A58300A9A536 /* Debug */,
				B70E5A362C34A58300A9A536 /* Release */,
			);
			defaultConfigurationIsVisible = 0;
			defaultConfigurationName = Release;
		};
		B70E5A372C34A58300A9A536 /* Build configuration list for PBXNativeTarget "ExamMapAirports" */ = {
			isa = XCConfigurationList;
			buildConfigurations = (
				B70E5A382C34A58300A9A536 /* Debug */,
				B70E5A392C34A58300A9A536 /* Release */,
			);
			defaultConfigurationIsVisible = 0;
			defaultConfigurationName = Release;
		};
/* End XCConfigurationList section */
	};
	rootObject = B70E5A1B2C34A58200A9A536 /* Project object */;
}
